
Microsoft Visual Studio Solution File, Format Version 12.00
Project("{FAE04EC0-301F-11D3-BF4B-00C04F79EFBC}") = "PayWarp.Api", "PayWarp.Api\PayWarp.Api.csproj", "{B9ABBBD5-3DB5-4D6E-8E91-4AC3F035E343}"
EndProject
Global
	GlobalSection(SolutionConfigurationPlatforms) = preSolution
		Debug|Any CPU = Debug|Any CPU
		Release|Any CPU = Release|Any CPU
	EndGlobalSection
	GlobalSection(ProjectConfigurationPlatforms) = postSolution
		{B9ABBBD5-3DB5-4D6E-8E91-4AC3F035E343}.Debug|Any CPU.ActiveCfg = Debug|Any CPU
		{B9ABBBD5-3DB5-4D6E-8E91-4AC3F035E343}.Debug|Any CPU.Build.0 = Debug|Any CPU
		{B9ABBBD5-3DB5-4D6E-8E91-4AC3F035E343}.Release|Any CPU.ActiveCfg = Release|Any CPU
		{B9ABBBD5-3DB5-4D6E-8E91-4AC3F035E343}.Release|Any CPU.Build.0 = Release|Any CPU
	EndGlobalSection
EndGlobal
